
Microsoft Visual Studio Solution File, Format Version 12.00
# Visual Studio Version 17
VisualStudioVersion = 17.7.34202.233
MinimumVisualStudioVersion = 10.0.40219.1
Project("{FAE04EC0-301F-11D3-BF4B-00C04F79EFBC}") = "Notepad", "Notepad\Notepad.csproj", "{EECB099C-CE8B-4042-816C-2277E22E3333}"
EndProject
Global
	GlobalSection(SolutionConfigurationPlatforms) = preSolution
		Debug|Any CPU = Debug|Any CPU
		Release|Any CPU = Release|Any CPU
	EndGlobalSection
	GlobalSection(ProjectConfigurationPlatforms) = postSolution
		{EECB099C-CE8B-4042-816C-2277E22E3333}.Debug|Any CPU.ActiveCfg = Debug|Any CPU
		{EECB099C-CE8B-4042-816C-2277E22E3333}.Debug|Any CPU.Build.0 = Debug|Any CPU
		{EECB099C-CE8B-4042-816C-2277E22E3333}.Release|Any CPU.ActiveCfg = Release|Any CPU
		{EECB099C-CE8B-4042-816C-2277E22E3333}.Release|Any CPU.Build.0 = Release|Any CPU
	EndGlobalSection
	GlobalSection(SolutionProperties) = preSolution
		HideSolutionNode = FALSE
	EndGlobalSection
	GlobalSection(ExtensibilityGlobals) = postSolution
		SolutionGuid = {15CC6655-A2FA-4399-96B9-BE87B0D647CD}
	EndGlobalSection
EndGlobal
